// !$*UTF8*$!
{
	archiveVersion = 1;
	classes = {
	};
	objectVersion = 46;
	objects = {

/* Begin PBXBuildFile section */
		0612EA9F1E37C7F00035980A /* AppDelegate.swift in Sources */ = {isa = PBXBuildFile; fileRef = 0612EA9E1E37C7F00035980A /* AppDelegate.swift */; };
		0612EAA11E37C7F00035980A /* ViewController.swift in Sources */ = {isa = PBXBuildFile; fileRef = 0612EAA01E37C7F00035980A /* ViewController.swift */; };
		0612EAA41E37C7F00035980A /* Main.storyboard in Resources */ = {isa = PBXBuildFile; fileRef = 0612EAA21E37C7F00035980A /* Main.storyboard */; };
		0612EAA61E37C7F00035980A /* Assets.xcassets in Resources */ = {isa = PBXBuildFile; fileRef = 0612EAA51E37C7F00035980A /* Assets.xcassets */; };
		0612EAA91E37C7F00035980A /* LaunchScreen.storyboard in Resources */ = {isa = PBXBuildFile; fileRef = 0612EAA71E37C7F00035980A /* LaunchScreen.storyboard */; };
/* End PBXBuildFile section */

/* Begin PBXFileReference section */
		0612EA9B1E37C7F00035980A /* sliders.app */ = {isa = PBXFileReference; explicitFileType = wrapper.application; includeInIndex = 0; path = sliders.app; sourceTree = BUILT_PRODUCTS_DIR; };
		0612EA9E1E37C7F00035980A /* AppDelegate.swift */ = {isa = PBXFileReference; lastKnownFileType = sourcecode.swift; path = AppDelegate.swift; sourceTree = "<group>"; };
		0612EAA01E37C7F00035980A /* ViewController.swift */ = {isa = PBXFileReference; lastKnownFileType = sourcecode.swift; path = ViewController.swift; sourceTree = "<group>"; };
		0612EAA31E37C7F00035980A /* Base */ = {isa = PBXFileReference; lastKnownFileType = file.storyboard; name = Base; path = Base.lproj/Main.storyboard; sourceTree = "<group>"; };
		0612EAA51E37C7F00035980A /* Assets.xcassets */ = {isa = PBXFileReference; lastKnownFileType = folder.assetcatalog; path = Assets.xcassets; sourceTree = "<group>"; };
		0612EAA81E37C7F00035980A /* Base */ = {isa = PBXFileReference; lastKnownFileType = file.storyboard; name = Base; path = Base.lproj/LaunchScreen.storyboard; sourceTree = "<group>"; };
		0612EAAA1E37C7F00035980A /* Info.plist */ = {isa = PBXFileReference; lastKnownFileType = text.plist.xml; path = Info.plist; sourceTree = "<group>"; };
/* End PBXFileReference section */

/* Begin PBXFrameworksBuildPhase section */
		0612EA981E37C7EF0035980A /* Frameworks */ = {
			isa = PBXFrameworksBuildPhase;
			buildActionMask = 2147483647;
			files = (
			);
			runOnlyForDeploymentPostprocessing = 0;
		};
/* End PBXFrameworksBuildPhase section */

/* Begin PBXGroup section */
		0612EA921E37C7EF0035980A = {
			isa = PBXGroup;
			children = (
				0612EA9D1E37C7F00035980A /* sliders */,
				0612EA9C1E37C7F00035980A /* Products */,
			);
			sourceTree = "<group>";
		};
		0612EA9C1E37C7F00035980A /* Products */ = {
			isa = PBXGroup;
			children = (
				0612EA9B1E37C7F00035980A /* sliders.app */,
			);
			name = Products;
			sourceTree = "<group>";
		};
		0612EA9D1E37C7F00035980A /* sliders */ = {
			isa = PBXGroup;
			children = (
				0612EA9E1E37C7F00035980A /* AppDelegate.swift */,
				0612EAA01E37C7F00035980A /* ViewController.swift */,
				0612EAA21E37C7F00035980A /* Main.storyboard */,
				0612EAA51E37C7F00035980A /* Assets.xcassets */,
				0612EAA71E37C7F00035980A /* LaunchScreen.storyboard */,
				0612EAAA1E37C7F00035980A /* Info.plist */,
			);
			path = sliders;
			sourceTree = "<group>";
		};
/* End PBXGroup section */

/* Begin PBXNativeTarget section */
		0612EA9A1E37C7EF0035980A /* sliders */ = {
			isa = PBXNativeTarget;
			buildConfigurationList = 0612EAAD1E37C7F00035980A /* Build configuration list for PBXNativeTarget "sliders" */;
			buildPhases = (
				0612EA971E37C7EF0035980A /* Sources */,
				0612EA981E37C7EF0035980A /* Frameworks */,
				0612EA991E37C7EF0035980A /* Resources */,
			);
			buildRules = (
			);
			dependencies = (
			);
			name = sliders;
			productName = sliders;
			productReference = 0612EA9B1E37C7F00035980A /* sliders.app */;
			productType = "com.apple.product-type.application";
		};
/* End PBXNativeTarget section */

/* Begin PBXProject section */
		0612EA931E37C7EF0035980A /* Project object */ = {
			isa = PBXProject;
			attributes = {
				LastSwiftUpdateCheck = 0800;
				LastUpgradeCheck = 0800;
				ORGANIZATIONNAME = Emuel;
				TargetAttributes = {
					0612EA9A1E37C7EF0035980A = {
						CreatedOnToolsVersion = 8.0;
						ProvisioningStyle = Automatic;
					};
				};
			};
			buildConfigurationList = 0612EA961E37C7EF0035980A /* Build configuration list for PBXProject "sliders" */;
			compatibilityVersion = "Xcode 3.2";
			developmentRegion = English;
			hasScannedForEncodings = 0;
			knownRegions = (
				en,
				Base,
			);
			mainGroup = 0612EA921E37C7EF0035980A;
			productRefGroup = 0612EA9C1E37C7F00035980A /* Products */;
			projectDirPath = "";
			projectRoot = "";
			targets = (
				0612EA9A1E37C7EF0035980A /* sliders */,
			);
		};
/* End PBXProject section */

/* Begin PBXResourcesBuildPhase section */
		0612EA991E37C7EF0035980A /* Resources */ = {
			isa = PBXResourcesBuildPhase;
			buildActionMask = 2147483647;
			files = (
				0612EAA91E37C7F00035980A /* LaunchScreen.storyboard in Resources */,
				0612EAA61E37C7F00035980A /* Assets.xcassets in Resources */,
				0612EAA41E37C7F00035980A /* Main.storyboard in Resources */,
			);
			runOnlyForDeploymentPostprocessing = 0;
		};
/* End PBXResourcesBuildPhase section */

/* Begin PBXSourcesBuildPhase section */
		0612EA971E37C7EF0035980A /* Sources */ = {
			isa = PBXSourcesBuildPhase;
			buildActionMask = 2147483647;
			files = (
				0612EAA11E37C7F00035980A /* ViewController.swift in Sources */,
				0612EA9F1E37C7F00035980A /* AppDelegate.swift in Sources */,
			);
			runOnlyForDeploymentPostprocessing = 0;
		};
/* End PBXSourcesBuildPhase section */

/* Begin PBXVariantGroup section */
		0612EAA21E37C7F00035980A /* Main.storyboard */ = {
			isa = PBXVariantGroup;
			children = (
				0612EAA31E37C7F00035980A /* Base */,
			);
			name = Main.storyboard;
			sourceTree = "<group>";
		};
		0612EAA71E37C7F00035980A /* LaunchScreen.storyboard */ = {
			isa = PBXVariantGroup;
			children = (
				0612EAA81E37C7F00035980A /* Base */,
			);
			name = LaunchScreen.storyboard;
			sourceTree = "<group>";
		};
/* End PBXVariantGroup section */

/* Begin XCBuildConfiguration section */
		0612EAAB1E37C7F00035980A /* Debug */ = {
			isa = XCBuildConfiguration;
			buildSettings = {
				ALWAYS_SEARCH_USER_PATHS = NO;
				CLANG_ANALYZER_NONNULL = YES;
				CLANG_CXX_LANGUAGE_STANDARD = "gnu++0x";
				CLANG_CXX_LIBRARY = "libc++";
				CLANG_ENABLE_MODULES = YES;
				CLANG_ENABLE_OBJC_ARC = YES;
				CLANG_WARN_BOOL_CONVERSION = YES;
				CLANG_WARN_CONSTANT_CONVERSION = YES;
				CLANG_WARN_DIRECT_OBJC_ISA_USAGE = YES_ERROR;
				CLANG_WARN_DOCUMENTATION_COMMENTS = YES;
				CLANG_WARN_EMPTY_BODY = YES;
				CLANG_WARN_ENUM_CONVERSION = YES;
				CLANG_WARN_INFINITE_RECURSION = YES;
				CLANG_WARN_INT_CONVERSION = YES;
				CLANG_WARN_OBJC_ROOT_CLASS = YES_ERROR;
				CLANG_WARN_SUSPICIOUS_MOVES = YES;
				CLANG_WARN_UNREACHABLE_CODE = YES;
				CLANG_WARN__DUPLICATE_METHOD_MATCH = YES;
				"CODE_SIGN_IDENTITY[sdk=iphoneos*]" = "iPhone Developer";
				COPY_PHASE_STRIP = NO;
				DEBUG_INFORMATION_FORMAT = dwarf;
				ENABLE_STRICT_OBJC_MSGSEND = YES;
				ENABLE_TESTABILITY = YES;
				GCC_C_LANGUAGE_STANDARD = gnu99;
				GCC_DYNAMIC_NO_PIC = NO;
				GCC_NO_COMMON_BLOCKS = YES;
				GCC_OPTIMIZATION_LEVEL = 0;
				GCC_PREPROCESSOR_DEFINITIONS = (
					"DEBUG=1",
					"$(inherited)",
				);
				GCC_WARN_64_TO_32_BIT_CONVERSION = YES;
				GCC_WARN_ABOUT_RETURN_TYPE = YES_ERROR;
				GCC_WARN_UNDECLARED_SELECTOR = YES;
				GCC_WARN_UNINITIALIZED_AUTOS = YES_AGGRESSIVE;
				GCC_WARN_UNUSED_FUNCTION = YES;
				GCC_WARN_UNUSED_VARIABLE = YES;
				IPHONEOS_DEPLOYMENT_TARGET = 10.0;
				MTL_ENABLE_DEBUG_INFO = YES;
				ONLY_ACTIVE_ARCH = YES;
				SDKROOT = iphoneos;
				SWIFT_ACTIVE_COMPILATION_CONDITIONS = DEBUG;
				SWIFT_OPTIMIZATION_LEVEL = "-Onone";
				TARGETED_DEVICE_FAMILY = "1,2";
			};
			name = Debug;
		};
		0612EAAC1E37C7F00035980A /* Release */ = {
			isa = XCBuildConfiguration;
			buildSettings = {
				ALWAYS_SEARCH_USER_PATHS = NO;
				CLANG_ANALYZER_NONNULL = YES;
				CLANG_CXX_LANGUAGE_STANDARD = "gnu++0x";
				CLANG_CXX_LIBRARY = "libc++";
				CLANG_ENABLE_MODULES = YES;
				CLANG_ENABLE_OBJC_ARC = YES;
				CLANG_WARN_BOOL_CONVERSION = YES;
				CLANG_WARN_CONSTANT_CONVERSION = YES;
				CLANG_WARN_DIRECT_OBJC_ISA_USAGE = YES_ERROR;
				CLANG_WARN_DOCUMENTATION_COMMENTS = YES;
				CLANG_WARN_EMPTY_BODY = YES;
				CLANG_WARN_ENUM_CONVERSION = YES;
				CLANG_WARN_INFINITE_RECURSION = YES;
				CLANG_WARN_INT_CONVERSION = YES;
				CLANG_WARN_OBJC_ROOT_CLASS = YES_ERROR;
				CLANG_WARN_SUSPICIOUS_MOVES = YES;
				CLANG_WARN_UNREACHABLE_CODE = YES;
				CLANG_WARN__DUPLICATE_METHOD_MATCH = YES;
				"CODE_SIGN_IDENTITY[sdk=iphoneos*]" = "iPhone Developer";
				COPY_PHASE_STRIP = NO;
				DEBUG_INFORMATION_FORMAT = "dwarf-with-dsym";
				ENABLE_NS_ASSERTIONS = NO;
				ENABLE_STRICT_OBJC_MSGSEND = YES;
				GCC_C_LANGUAGE_STANDARD = gnu99;
				GCC_NO_COMMON_BLOCKS = YES;
				GCC_WARN_64_TO_32_BIT_CONVERSION = YES;
				GCC_WARN_ABOUT_RETURN_TYPE = YES_ERROR;
				GCC_WARN_UNDECLARED_SELECTOR = YES;
				GCC_WARN_UNINITIALIZED_AUTOS = YES_AGGRESSIVE;
				GCC_WARN_UNUSED_FUNCTION = YES;
				GCC_WARN_UNUSED_VARIABLE = YES;
				IPHONEOS_DEPLOYMENT_TARGET = 10.0;
				MTL_ENABLE_DEBUG_INFO = NO;
				SDKROOT = iphoneos;
				SWIFT_OPTIMIZATION_LEVEL = "-Owholemodule";
				TARGETED_DEVICE_FAMILY = "1,2";
				VALIDATE_PRODUCT = YES;
			};
			name = Release;
		};
		0612EAAE1E37C7F00035980A /* Debug */ = {
			isa = XCBuildConfiguration;
			buildSettings = {
				ASSETCATALOG_COMPILER_APPICON_NAME = AppIcon;
				INFOPLIST_FILE = sliders/Info.plist;
				LD_RUNPATH_SEARCH_PATHS = "$(inherited) @executable_path/Frameworks";
				PRODUCT_BUNDLE_IDENTIFIER = com.uga.sliders;
				PRODUCT_NAME = "$(TARGET_NAME)";
				SWIFT_VERSION = 3.0;
			};
			name = Debug;
		};
		0612EAAF1E37C7F00035980A /* Release */ = {
			isa = XCBuildConfiguration;
			buildSettings = {
				ASSETCATALOG_COMPILER_APPICON_NAME = AppIcon;
				INFOPLIST_FILE = sliders/Info.plist;
				LD_RUNPATH_SEARCH_PATHS = "$(inherited) @executable_path/Frameworks";
				PRODUCT_BUNDLE_IDENTIFIER = com.uga.sliders;
				PRODUCT_NAME = "$(TARGET_NAME)";
				SWIFT_VERSION = 3.0;
			};
			name = Release;
		};
/* End XCBuildConfiguration section */

/* Begin XCConfigurationList section */
		0612EA961E37C7EF0035980A /* Build configuration list for PBXProject "sliders" */ = {
			isa = XCConfigurationList;
			buildConfigurations = (
				0612EAAB1E37C7F00035980A /* Debug */,
				0612EAAC1E37C7F00035980A /* Release */,
			);
			defaultConfigurationIsVisible = 0;
			defaultConfigurationName = Release;
		};
		0612EAAD1E37C7F00035980A /* Build configuration list for PBXNativeTarget "sliders" */ = {
			isa = XCConfigurationList;
			buildConfigurations = (
				0612EAAE1E37C7F00035980A /* Debug */,
				0612EAAF1E37C7F00035980A /* Release */,
			);
			defaultConfigurationIsVisible = 0;
		};
/* End XCConfigurationList section */
	};
	rootObject = 0612EA931E37C7EF0035980A /* Project object */;
}
